// !$*UTF8*$!
{
	archiveVersion = 1;
	classes = {
	};
	objectVersion = 46;
	objects = {

/* Begin PBXBuildFile section */
		B29EC5501C3E9D3E00F9FFD2 /* AppDelegate.swift in Sources */ = {isa = PBXBuildFile; fileRef = B29EC54F1C3E9D3E00F9FFD2 /* AppDelegate.swift */; };
		B29EC5571C3E9D3E00F9FFD2 /* Assets.xcassets in Resources */ = {isa = PBXBuildFile; fileRef = B29EC5561C3E9D3E00F9FFD2 /* Assets.xcassets */; };
		B29EC55A1C3E9D3E00F9FFD2 /* LaunchScreen.storyboard in Resources */ = {isa = PBXBuildFile; fileRef = B29EC5581C3E9D3E00F9FFD2 /* LaunchScreen.storyboard */; };
		B29EC5641C3E9DFF00F9FFD2 /* DetailVC.swift in Sources */ = {isa = PBXBuildFile; fileRef = B29EC5631C3E9DFF00F9FFD2 /* DetailVC.swift */; };
		B29EC5661C3E9E4500F9FFD2 /* Candy.swift in Sources */ = {isa = PBXBuildFile; fileRef = B29EC5651C3E9E4500F9FFD2 /* Candy.swift */; };
		B29EC56A1C3E9F8500F9FFD2 /* MainTVC.swift in Sources */ = {isa = PBXBuildFile; fileRef = B29EC5691C3E9F8500F9FFD2 /* MainTVC.swift */; };
		B29EC56C1C3EA1F600F9FFD2 /* MainCell.swift in Sources */ = {isa = PBXBuildFile; fileRef = B29EC56B1C3EA1F600F9FFD2 /* MainCell.swift */; };
/* End PBXBuildFile section */

/* Begin PBXFileReference section */
		B29EC54C1C3E9D3E00F9FFD2 /* OneMoreSearch0107.app */ = {isa = PBXFileReference; explicitFileType = wrapper.application; includeInIndex = 0; path = OneMoreSearch0107.app; sourceTree = BUILT_PRODUCTS_DIR; };
		B29EC54F1C3E9D3E00F9FFD2 /* AppDelegate.swift */ = {isa = PBXFileReference; lastKnownFileType = sourcecode.swift; path = AppDelegate.swift; sourceTree = "<group>"; };
		B29EC5561C3E9D3E00F9FFD2 /* Assets.xcassets */ = {isa = PBXFileReference; lastKnownFileType = folder.assetcatalog; path = Assets.xcassets; sourceTree = "<group>"; };
		B29EC5591C3E9D3E00F9FFD2 /* Base */ = {isa = PBXFileReference; lastKnownFileType = file.storyboard; name = Base; path = Base.lproj/LaunchScreen.storyboard; sourceTree = "<group>"; };
		B29EC55B1C3E9D3E00F9FFD2 /* Info.plist */ = {isa = PBXFileReference; lastKnownFileType = text.plist.xml; path = Info.plist; sourceTree = "<group>"; };
		B29EC5631C3E9DFF00F9FFD2 /* DetailVC.swift */ = {isa = PBXFileReference; fileEncoding = 4; lastKnownFileType = sourcecode.swift; path = DetailVC.swift; sourceTree = "<group>"; };
		B29EC5651C3E9E4500F9FFD2 /* Candy.swift */ = {isa = PBXFileReference; fileEncoding = 4; lastKnownFileType = sourcecode.swift; path = Candy.swift; sourceTree = "<group>"; };
		B29EC5691C3E9F8500F9FFD2 /* MainTVC.swift */ = {isa = PBXFileReference; fileEncoding = 4; lastKnownFileType = sourcecode.swift; path = MainTVC.swift; sourceTree = "<group>"; };
		B29EC56B1C3EA1F600F9FFD2 /* MainCell.swift */ = {isa = PBXFileReference; fileEncoding = 4; lastKnownFileType = sourcecode.swift; path = MainCell.swift; sourceTree = "<group>"; };
/* End PBXFileReference section */

/* Begin PBXFrameworksBuildPhase section */
		B29EC5491C3E9D3E00F9FFD2 /* Frameworks */ = {
			isa = PBXFrameworksBuildPhase;
			buildActionMask = 2147483647;
			files = (
			);
			runOnlyForDeploymentPostprocessing = 0;
		};
/* End PBXFrameworksBuildPhase section */

/* Begin PBXGroup section */
		B29EC5431C3E9D3E00F9FFD2 = {
			isa = PBXGroup;
			children = (
				B29EC5691C3E9F8500F9FFD2 /* MainTVC.swift */,
				B29EC56B1C3EA1F600F9FFD2 /* MainCell.swift */,
				B29EC5631C3E9DFF00F9FFD2 /* DetailVC.swift */,
				B29EC5651C3E9E4500F9FFD2 /* Candy.swift */,
				B29EC54E1C3E9D3E00F9FFD2 /* OneMoreSearch0107 */,
				B29EC54D1C3E9D3E00F9FFD2 /* Products */,
			);
			sourceTree = "<group>";
		};
		B29EC54D1C3E9D3E00F9FFD2 /* Products */ = {
			isa = PBXGroup;
			children = (
				B29EC54C1C3E9D3E00F9FFD2 /* OneMoreSearch0107.app */,
			);
			name = Products;
			sourceTree = "<group>";
		};
		B29EC54E1C3E9D3E00F9FFD2 /* OneMoreSearch0107 */ = {
			isa = PBXGroup;
			children = (
				B29EC54F1C3E9D3E00F9FFD2 /* AppDelegate.swift */,
				B29EC5561C3E9D3E00F9FFD2 /* Assets.xcassets */,
				B29EC5581C3E9D3E00F9FFD2 /* LaunchScreen.storyboard */,
				B29EC55B1C3E9D3E00F9FFD2 /* Info.plist */,
			);
			path = OneMoreSearch0107;
			sourceTree = "<group>";
		};
/* End PBXGroup section */

/* Begin PBXNativeTarget section */
		B29EC54B1C3E9D3E00F9FFD2 /* OneMoreSearch0107 */ = {
			isa = PBXNativeTarget;
			buildConfigurationList = B29EC55E1C3E9D3E00F9FFD2 /* Build configuration list for PBXNativeTarget "OneMoreSearch0107" */;
			buildPhases = (
				B29EC5481C3E9D3E00F9FFD2 /* Sources */,
				B29EC5491C3E9D3E00F9FFD2 /* Frameworks */,
				B29EC54A1C3E9D3E00F9FFD2 /* Resources */,
			);
			buildRules = (
			);
			dependencies = (
			);
			name = OneMoreSearch0107;
			productName = OneMoreSearch0107;
			productReference = B29EC54C1C3E9D3E00F9FFD2 /* OneMoreSearch0107.app */;
			productType = "com.apple.product-type.application";
		};
/* End PBXNativeTarget section */

/* Begin PBXProject section */
		B29EC5441C3E9D3E00F9FFD2 /* Project object */ = {
			isa = PBXProject;
			attributes = {
				LastSwiftUpdateCheck = 0720;
				LastUpgradeCheck = 0720;
				ORGANIZATIONNAME = "劉坤昶 Johnny";
				TargetAttributes = {
					B29EC54B1C3E9D3E00F9FFD2 = {
						CreatedOnToolsVersion = 7.2;
					};
				};
			};
			buildConfigurationList = B29EC5471C3E9D3E00F9FFD2 /* Build configuration list for PBXProject "OneMoreSearch0107" */;
			compatibilityVersion = "Xcode 3.2";
			developmentRegion = English;
			hasScannedForEncodings = 0;
			knownRegions = (
				en,
				Base,
			);
			mainGroup = B29EC5431C3E9D3E00F9FFD2;
			productRefGroup = B29EC54D1C3E9D3E00F9FFD2 /* Products */;
			projectDirPath = "";
			projectRoot = "";
			targets = (
				B29EC54B1C3E9D3E00F9FFD2 /* OneMoreSearch0107 */,
			);
		};
/* End PBXProject section */

/* Begin PBXResourcesBuildPhase section */
		B29EC54A1C3E9D3E00F9FFD2 /* Resources */ = {
			isa = PBXResourcesBuildPhase;
			buildActionMask = 2147483647;
			files = (
				B29EC55A1C3E9D3E00F9FFD2 /* LaunchScreen.storyboard in Resources */,
				B29EC5571C3E9D3E00F9FFD2 /* Assets.xcassets in Resources */,
			);
			runOnlyForDeploymentPostprocessing = 0;
		};
/* End PBXResourcesBuildPhase section */

/* Begin PBXSourcesBuildPhase section */
		B29EC5481C3E9D3E00F9FFD2 /* Sources */ = {
			isa = PBXSourcesBuildPhase;
			buildActionMask = 2147483647;
			files = (
				B29EC5661C3E9E4500F9FFD2 /* Candy.swift in Sources */,
				B29EC5501C3E9D3E00F9FFD2 /* AppDelegate.swift in Sources */,
				B29EC56A1C3E9F8500F9FFD2 /* MainTVC.swift in Sources */,
				B29EC5641C3E9DFF00F9FFD2 /* DetailVC.swift in Sources */,
				B29EC56C1C3EA1F600F9FFD2 /* MainCell.swift in Sources */,
			);
			runOnlyForDeploymentPostprocessing = 0;
		};
/* End PBXSourcesBuildPhase section */

/* Begin PBXVariantGroup section */
		B29EC5581C3E9D3E00F9FFD2 /* LaunchScreen.storyboard */ = {
			isa = PBXVariantGroup;
			children = (
				B29EC5591C3E9D3E00F9FFD2 /* Base */,
			);
			name = LaunchScreen.storyboard;
			sourceTree = "<group>";
		};
/* End PBXVariantGroup section */

/* Begin XCBuildConfiguration section */
		B29EC55C1C3E9D3E00F9FFD2 /* Debug */ = {
			isa = XCBuildConfiguration;
			buildSettings = {
				ALWAYS_SEARCH_USER_PATHS = NO;
				CLANG_CXX_LANGUAGE_STANDARD = "gnu++0x";
				CLANG_CXX_LIBRARY = "libc++";
				CLANG_ENABLE_MODULES = YES;
				CLANG_ENABLE_OBJC_ARC = YES;
				CLANG_WARN_BOOL_CONVERSION = YES;
				CLANG_WARN_CONSTANT_CONVERSION = YES;
				CLANG_WARN_DIRECT_OBJC_ISA_USAGE = YES_ERROR;
				CLANG_WARN_EMPTY_BODY = YES;
				CLANG_WARN_ENUM_CONVERSION = YES;
				CLANG_WARN_INT_CONVERSION = YES;
				CLANG_WARN_OBJC_ROOT_CLASS = YES_ERROR;
				CLANG_WARN_UNREACHABLE_CODE = YES;
				CLANG_WARN__DUPLICATE_METHOD_MATCH = YES;
				"CODE_SIGN_IDENTITY[sdk=iphoneos*]" = "iPhone Developer";
				COPY_PHASE_STRIP = NO;
				DEBUG_INFORMATION_FORMAT = dwarf;
				ENABLE_STRICT_OBJC_MSGSEND = YES;
				ENABLE_TESTABILITY = YES;
				GCC_C_LANGUAGE_STANDARD = gnu99;
				GCC_DYNAMIC_NO_PIC = NO;
				GCC_NO_COMMON_BLOCKS = YES;
				GCC_OPTIMIZATION_LEVEL = 0;
				GCC_PREPROCESSOR_DEFINITIONS = (
					"DEBUG=1",
					"$(inherited)",
				);
				GCC_WARN_64_TO_32_BIT_CONVERSION = YES;
				GCC_WARN_ABOUT_RETURN_TYPE = YES_ERROR;
				GCC_WARN_UNDECLARED_SELECTOR = YES;
				GCC_WARN_UNINITIALIZED_AUTOS = YES_AGGRESSIVE;
				GCC_WARN_UNUSED_FUNCTION = YES;
				GCC_WARN_UNUSED_VARIABLE = YES;
				IPHONEOS_DEPLOYMENT_TARGET = 9.2;
				MTL_ENABLE_DEBUG_INFO = YES;
				ONLY_ACTIVE_ARCH = YES;
				SDKROOT = iphoneos;
				SWIFT_OPTIMIZATION_LEVEL = "-Onone";
			};
			name = Debug;
		};
		B29EC55D1C3E9D3E00F9FFD2 /* Release */ = {
			isa = XCBuildConfiguration;
			buildSettings = {
				ALWAYS_SEARCH_USER_PATHS = NO;
				CLANG_CXX_LANGUAGE_STANDARD = "gnu++0x";
				CLANG_CXX_LIBRARY = "libc++";
				CLANG_ENABLE_MODULES = YES;
				CLANG_ENABLE_OBJC_ARC = YES;
				CLANG_WARN_BOOL_CONVERSION = YES;
				CLANG_WARN_CONSTANT_CONVERSION = YES;
				CLANG_WARN_DIRECT_OBJC_ISA_USAGE = YES_ERROR;
				CLANG_WARN_EMPTY_BODY = YES;
				CLANG_WARN_ENUM_CONVERSION = YES;
				CLANG_WARN_INT_CONVERSION = YES;
				CLANG_WARN_OBJC_ROOT_CLASS = YES_ERROR;
				CLANG_WARN_UNREACHABLE_CODE = YES;
				CLANG_WARN__DUPLICATE_METHOD_MATCH = YES;
				"CODE_SIGN_IDENTITY[sdk=iphoneos*]" = "iPhone Developer";
				COPY_PHASE_STRIP = NO;
				DEBUG_INFORMATION_FORMAT = "dwarf-with-dsym";
				ENABLE_NS_ASSERTIONS = NO;
				ENABLE_STRICT_OBJC_MSGSEND = YES;
				GCC_C_LANGUAGE_STANDARD = gnu99;
				GCC_NO_COMMON_BLOCKS = YES;
				GCC_WARN_64_TO_32_BIT_CONVERSION = YES;
				GCC_WARN_ABOUT_RETURN_TYPE = YES_ERROR;
				GCC_WARN_UNDECLARED_SELECTOR = YES;
				GCC_WARN_UNINITIALIZED_AUTOS = YES_AGGRESSIVE;
				GCC_WARN_UNUSED_FUNCTION = YES;
				GCC_WARN_UNUSED_VARIABLE = YES;
				IPHONEOS_DEPLOYMENT_TARGET = 9.2;
				MTL_ENABLE_DEBUG_INFO = NO;
				SDKROOT = iphoneos;
				VALIDATE_PRODUCT = YES;
			};
			name = Release;
		};
		B29EC55F1C3E9D3E00F9FFD2 /* Debug */ = {
			isa = XCBuildConfiguration;
			buildSettings = {
				ASSETCATALOG_COMPILER_APPICON_NAME = AppIcon;
				INFOPLIST_FILE = OneMoreSearch0107/Info.plist;
				LD_RUNPATH_SEARCH_PATHS = "$(inherited) @executable_path/Frameworks";
				PRODUCT_BUNDLE_IDENTIFIER = com.johnnyketchup.OneMoreSearch0107;
				PRODUCT_NAME = "$(TARGET_NAME)";
			};
			name = Debug;
		};
		B29EC5601C3E9D3E00F9FFD2 /* Release */ = {
			isa = XCBuildConfiguration;
			buildSettings = {
				ASSETCATALOG_COMPILER_APPICON_NAME = AppIcon;
				INFOPLIST_FILE = OneMoreSearch0107/Info.plist;
				LD_RUNPATH_SEARCH_PATHS = "$(inherited) @executable_path/Frameworks";
				PRODUCT_BUNDLE_IDENTIFIER = com.johnnyketchup.OneMoreSearch0107;
				PRODUCT_NAME = "$(TARGET_NAME)";
			};
			name = Release;
		};
/* End XCBuildConfiguration section */

/* Begin XCConfigurationList section */
		B29EC5471C3E9D3E00F9FFD2 /* Build configuration list for PBXProject "OneMoreSearch0107" */ = {
			isa = XCConfigurationList;
			buildConfigurations = (
				B29EC55C1C3E9D3E00F9FFD2 /* Debug */,
				B29EC55D1C3E9D3E00F9FFD2 /* Release */,
			);
			defaultConfigurationIsVisible = 0;
			defaultConfigurationName = Release;
		};
		B29EC55E1C3E9D3E00F9FFD2 /* Build configuration list for PBXNativeTarget "OneMoreSearch0107" */ = {
			isa = XCConfigurationList;
			buildConfigurations = (
				B29EC55F1C3E9D3E00F9FFD2 /* Debug */,
				B29EC5601C3E9D3E00F9FFD2 /* Release */,
			);
			defaultConfigurationIsVisible = 0;
		};
/* End XCConfigurationList section */
	};
	rootObject = B29EC5441C3E9D3E00F9FFD2 /* Project object */;
}
